
Microsoft Visual Studio Solution File, Format Version 12.00
# Visual Studio 15
VisualStudioVersion = 15.0.28307.329
MinimumVisualStudioVersion = 10.0.40219.1
Project("{FAE04EC0-301F-11D3-BF4B-00C04F79EFBC}") = "NoDesk", "NoDesk\NoDesk.csproj", "{83629B33-532C-40FF-9927-0CCA524C040A}"
EndProject
Global
	GlobalSection(SolutionConfigurationPlatforms) = preSolution
		Debug|Any CPU = Debug|Any CPU
		Release|Any CPU = Release|Any CPU
	EndGlobalSection
	GlobalSection(ProjectConfigurationPlatforms) = postSolution
		{83629B33-532C-40FF-9927-0CCA524C040A}.Debug|Any CPU.ActiveCfg = Debug|Any CPU
		{83629B33-532C-40FF-9927-0CCA524C040A}.Debug|Any CPU.Build.0 = Debug|Any CPU
		{83629B33-532C-40FF-9927-0CCA524C040A}.Release|Any CPU.ActiveCfg = Release|Any CPU
		{83629B33-532C-40FF-9927-0CCA524C040A}.Release|Any CPU.Build.0 = Release|Any CPU
	EndGlobalSection
	GlobalSection(SolutionProperties) = preSolution
		HideSolutionNode = FALSE
	EndGlobalSection
	GlobalSection(ExtensibilityGlobals) = postSolution
		SolutionGuid = {5747F880-2416-44F4-B649-F8B18699B224}
	EndGlobalSection
EndGlobal
